PODS:
  - Flutter (1.0.0)
  - google_places_picker (0.0.3):
    - Flutter
    - GoogleMaps (~> 4.0)
    - GooglePlaces (~> 4.0)
  - GoogleMaps (4.0.0):
    - GoogleMaps/Maps (= 4.0.0)
  - GoogleMaps/Base (4.0.0)
  - GoogleMaps/Maps (4.0.0):
    - GoogleMaps/Base
  - GooglePlaces (4.0.0):
    - GoogleMaps/Base (= 4.0.0)

DEPENDENCIES:
  - Flutter (from `Flutter`)
  - google_places_picker (from `.symlinks/plugins/google_places_picker/ios`)

SPEC REPOS:
  trunk:
    - GoogleMaps
    - GooglePlaces

EXTERNAL SOURCES:
  Flutter:
    :path: Flutter
  google_places_picker:
    :path: ".symlinks/plugins/google_places_picker/ios"

SPEC CHECKSUMS:
  Flutter: 0e3d915762c693b495b44d77113d4970485de6ec
  google_places_picker: 4f2ded90ced29db50ef52672fc3a54b11e4f8fc7
  GoogleMaps: b7f7fc569a9b354a3af0d9729dbec40957b7d41e
  GooglePlaces: ca8d4aba09ba79e0a829cf1dca03a41de6a09016

PODFILE CHECKSUM: 8e679eca47255a8ca8067c4c67aab20e64cb974d

COCOAPODS: 1.9.3
