PODS:
  - Flutter (1.0.0)
  - google_places_picker (0.0.3):
    - Flutter
    - GoogleMaps
    - GooglePlacePicker
    - GooglePlaces
  - GoogleMaps (2.7.0):
    - GoogleMaps/Maps (= 2.7.0)
  - GoogleMaps/Base (2.7.0)
  - GoogleMaps/Maps (2.7.0):
    - GoogleMaps/Base
  - GooglePlacePicker (2.7.0):
    - GoogleMaps (= 2.7.0)
    - GooglePlaces (= 2.7.0)
  - GooglePlaces (2.7.0):
    - GoogleMaps/Base (= 2.7.0)

DEPENDENCIES:
  - Flutter (from `.symlinks/flutter/ios`)
  - google_places_picker (from `.symlinks/plugins/google_places_picker/ios`)

SPEC REPOS:
  https://github.com/cocoapods/specs.git:
    - GoogleMaps
    - GooglePlacePicker
    - GooglePlaces

EXTERNAL SOURCES:
  Flutter:
    :path: ".symlinks/flutter/ios"
  google_places_picker:
    :path: ".symlinks/plugins/google_places_picker/ios"

SPEC CHECKSUMS:
  Flutter: 9d0fac939486c9aba2809b7982dfdbb47a7b0296
  google_places_picker: 6c40a93f3d9bf86a445f2c341b372af93ad142ec
  GoogleMaps: f79af95cb24d869457b1f961c93d3ce8b2f3b848
  GooglePlacePicker: 59ea44db173c58486ad6123993e81feefcbce9c3
  GooglePlaces: 3d06e6c99654545b4738ce49648745779c25f2ef

PODFILE CHECKSUM: 1e5af4103afd21ca5ead147d7b81d06f494f51a2

COCOAPODS: 1.5.3
